{
  "version": 4,
  "terraform_version": "1.0.3",
  "serial": 26,
  "lineage": "705a4108-c9dd-91bd-cfad-19fd6f6929b5",
  "outputs": {},
  "resources": [
    {
      "mode": "data",
      "type": "github_organization",
      "name": "joshuaauger-testing",
      "provider": "provider[\"registry.terraform.io/integrations/github\"]",
      "instances": [
        {
          "schema_version": 0,
          "attributes": {
            "description": "",
            "id": "112009680",
            "login": "joshuaauger-testing",
            "members": [
              "joshuaauger-bounteous"
            ],
            "name": "",
            "node_id": null,
            "orgname": "joshuaauger-testing",
            "plan": "free",
            "repositories": []
          },
          "sensitive_attributes": []
        }
      ]
    },
    {
      "mode": "managed",
      "type": "github_branch",
      "name": "dev",
      "provider": "provider[\"registry.terraform.io/integrations/github\"]",
      "instances": [
        {
          "schema_version": 0,
          "attributes": {
            "branch": "dev",
            "etag": "W/\"88397ed109a4dfbe3ac120e02bb8fc1a983bcf22268c6abead4d83a3b27ec700\"",
            "id": "example:dev",
            "ref": "refs/heads/dev",
            "repository": "example",
            "sha": "e2f8cc951a5664d3adb02b85c57c567de86eb1ec",
            "source_branch": "main",
            "source_sha": "e2f8cc951a5664d3adb02b85c57c567de86eb1ec"
          },
          "sensitive_attributes": [],
          "private": "bnVsbA==",
          "dependencies": [
            "github_repository.example"
          ]
        }
      ]
    },
    {
      "mode": "managed",
      "type": "github_branch",
      "name": "example-dev",
      "provider": "provider[\"registry.terraform.io/integrations/github\"]",
      "instances": [
        {
          "schema_version": 0,
          "attributes": {
            "branch": "dev",
            "etag": "W/\"88397ed109a4dfbe3ac120e02bb8fc1a983bcf22268c6abead4d83a3b27ec700\"",
            "id": "example:dev",
            "ref": "refs/heads/dev",
            "repository": "example",
            "sha": "e2f8cc951a5664d3adb02b85c57c567de86eb1ec",
            "source_branch": "main",
            "source_sha": null
          },
          "sensitive_attributes": [],
          "private": "eyJzY2hlbWFfdmVyc2lvbiI6IjAifQ=="
        }
      ]
    },
    {
      "mode": "managed",
      "type": "github_repository",
      "name": "example",
      "provider": "provider[\"registry.terraform.io/integrations/github\"]",
      "instances": [
        {
          "schema_version": 0,
          "attributes": {
            "allow_auto_merge": false,
            "allow_merge_commit": true,
            "allow_rebase_merge": true,
            "allow_squash_merge": true,
            "archive_on_destroy": null,
            "archived": false,
            "auto_init": true,
            "branches": [
              {
                "name": "main",
                "protected": false
              }
            ],
            "default_branch": "main",
            "delete_branch_on_merge": false,
            "description": "My awesome codebase",
            "etag": "W/\"8ed236305cb793ff639aba93c24ece32ac9319ae13cb533bdbbec6e945435dfa\"",
            "full_name": "joshuaauger-testing/example",
            "git_clone_url": "git://github.com/joshuaauger-testing/example.git",
            "gitignore_template": null,
            "has_downloads": false,
            "has_issues": false,
            "has_projects": false,
            "has_wiki": false,
            "homepage_url": "",
            "html_url": "https://github.com/joshuaauger-testing/example",
            "http_clone_url": "https://github.com/joshuaauger-testing/example.git",
            "id": "example",
            "ignore_vulnerability_alerts_during_read": null,
            "is_template": false,
            "license_template": null,
            "name": "example",
            "node_id": "R_kgDOH4DPQA",
            "pages": [],
            "private": false,
            "repo_id": 528535360,
            "ssh_clone_url": "git@github.com:joshuaauger-testing/example.git",
            "svn_url": "https://github.com/joshuaauger-testing/example",
            "template": [],
            "topics": null,
            "visibility": "public",
            "vulnerability_alerts": false
          },
          "sensitive_attributes": [],
          "private": "bnVsbA=="
        }
      ]
    }
  ]
}
